
Microsoft Visual Studio Solution File, Format Version 12.00
# Visual Studio Version 16
VisualStudioVersion = 16.0.32413.511
MinimumVisualStudioVersion = 10.0.40219.1
Project("{9A19103F-16F7-4668-BE54-9A1E7A4F7556}") = "Abc.Core", "Abc.Core\Abc.Core.csproj", "{EDD06310-96F5-4E09-A4B5-5E6109511254}"
EndProject
Project("{9A19103F-16F7-4668-BE54-9A1E7A4F7556}") = "Abc.Business", "Abc.Business\Abc.Business.csproj", "{648D4355-FDCA-4ED1-8F65-DEEF1DEF25B4}"
EndProject
Project("{9A19103F-16F7-4668-BE54-9A1E7A4F7556}") = "Abc.DataAccess", "Abc.DataAccess\Abc.DataAccess.csproj", "{87539184-944D-44D4-A6CD-6973B75BA778}"
EndProject
Project("{9A19103F-16F7-4668-BE54-9A1E7A4F7556}") = "Abc.Entities", "Abc.Entities\Abc.Entities.csproj", "{3EBC1392-601D-4521-ACD3-16F01A65DB03}"
EndProject
Project("{9A19103F-16F7-4668-BE54-9A1E7A4F7556}") = "Abc.MvcWebUI", "Abc.MvcWebUI\Abc.MvcWebUI.csproj", "{76ADF834-9350-4C0A-AA58-9B818159E3B4}"
EndProject
Global
	GlobalSection(SolutionConfigurationPlatforms) = preSolution
		Debug|Any CPU = Debug|Any CPU
		Release|Any CPU = Release|Any CPU
	EndGlobalSection
	GlobalSection(ProjectConfigurationPlatforms) = postSolution
		{EDD06310-96F5-4E09-A4B5-5E6109511254}.Debug|Any CPU.ActiveCfg = Debug|Any CPU
		{EDD06310-96F5-4E09-A4B5-5E6109511254}.Debug|Any CPU.Build.0 = Debug|Any CPU
		{EDD06310-96F5-4E09-A4B5-5E6109511254}.Release|Any CPU.ActiveCfg = Release|Any CPU
		{EDD06310-96F5-4E09-A4B5-5E6109511254}.Release|Any CPU.Build.0 = Release|Any CPU
		{648D4355-FDCA-4ED1-8F65-DEEF1DEF25B4}.Debug|Any CPU.ActiveCfg = Debug|Any CPU
		{648D4355-FDCA-4ED1-8F65-DEEF1DEF25B4}.Debug|Any CPU.Build.0 = Debug|Any CPU
		{648D4355-FDCA-4ED1-8F65-DEEF1DEF25B4}.Release|Any CPU.ActiveCfg = Release|Any CPU
		{648D4355-FDCA-4ED1-8F65-DEEF1DEF25B4}.Release|Any CPU.Build.0 = Release|Any CPU
		{87539184-944D-44D4-A6CD-6973B75BA778}.Debug|Any CPU.ActiveCfg = Debug|Any CPU
		{87539184-944D-44D4-A6CD-6973B75BA778}.Debug|Any CPU.Build.0 = Debug|Any CPU
		{87539184-944D-44D4-A6CD-6973B75BA778}.Release|Any CPU.ActiveCfg = Release|Any CPU
		{87539184-944D-44D4-A6CD-6973B75BA778}.Release|Any CPU.Build.0 = Release|Any CPU
		{3EBC1392-601D-4521-ACD3-16F01A65DB03}.Debug|Any CPU.ActiveCfg = Debug|Any CPU
		{3EBC1392-601D-4521-ACD3-16F01A65DB03}.Debug|Any CPU.Build.0 = Debug|Any CPU
		{3EBC1392-601D-4521-ACD3-16F01A65DB03}.Release|Any CPU.ActiveCfg = Release|Any CPU
		{3EBC1392-601D-4521-ACD3-16F01A65DB03}.Release|Any CPU.Build.0 = Release|Any CPU
		{76ADF834-9350-4C0A-AA58-9B818159E3B4}.Debug|Any CPU.ActiveCfg = Debug|Any CPU
		{76ADF834-9350-4C0A-AA58-9B818159E3B4}.Debug|Any CPU.Build.0 = Debug|Any CPU
		{76ADF834-9350-4C0A-AA58-9B818159E3B4}.Release|Any CPU.ActiveCfg = Release|Any CPU
		{76ADF834-9350-4C0A-AA58-9B818159E3B4}.Release|Any CPU.Build.0 = Release|Any CPU
	EndGlobalSection
	GlobalSection(SolutionProperties) = preSolution
		HideSolutionNode = FALSE
	EndGlobalSection
	GlobalSection(ExtensibilityGlobals) = postSolution
		SolutionGuid = {E9436F47-42F1-4E7B-8EEB-8A0CF8FEB930}
	EndGlobalSection
EndGlobal
